{
  "lockfile-version": 1,
  "manifest": {
    "schema-version": "1.13.0",
    "install": {
      "claude-code": {
        "pkg-path": "claude-code",
        "pkg-group": "agents"
      },
      "codex": {
        "pkg-path": "codex",
        "pkg-group": "agents"
      },
      "git": {
        "pkg-path": "git"
      },
      "gnumake": {
        "pkg-path": "gnumake"
      },
      "just": {
        "pkg-path": "just"
      },
      "python3": {
        "pkg-path": "python3",
        "version": "3.13"
      },
      "uv": {
        "pkg-path": "uv"
      }
    },
    "hook": {
      "on-activate": "  # Append (not prepend) so flox-provided tools win over host installs while\n  # host fallbacks (~/.local/bin etc.) stay reachable.\n  export PATH=\"$PATH:$HOME/.local/bin\"\n"
    },
    "profile": {},
    "options": {
      "systems": [
        "aarch64-darwin",
        "x86_64-darwin",
        "aarch64-linux",
        "x86_64-linux"
      ]
    }
  },
  "packages": [
    {
      "attr_path": "claude-code",
      "broken": false,
      "derivation": "/nix/store/a4dizbyxlcf9s6r98dlcdin0cc4s26p7-claude-code-2.1.201.drv",
      "description": "Agentic coding tool that lives in your terminal, understands your codebase, and helps you code faster",
      "install_id": "claude-code",
      "license": "Unfree",
      "locked_url": "https://github.com/flox/nixpkgs?rev=d407951447dcd00442e97087bf374aad70c04cea",
      "name": "claude-code-2.1.201",
      "pname": "claude-code",
      "rev": "d407951447dcd00442e97087bf374aad70c04cea",
      "rev_count": 1027867,
      "rev_date": "2026-07-05T04:06:12Z",
      "scrape_date": "2026-07-06T03:12:55.152631Z",
      "stabilities": [
        "staging",
        "unstable"
      ],
      "unfree": true,
      "version": "2.1.201",
      "outputs_to_install": [
        "out"
      ],
      "outputs": {
        "out": "/nix/store/djcx0bg3258x3sjwcjbf6kr7f0xlr0wq-claude-code-2.1.201"
      },
      "system": "aarch64-darwin",
      "group": "agents",
      "priority": 5
    },
    {
      "attr_path": "claude-code",
      "broken": false,
      "derivation": "/nix/store/z8sidwsdz7fssg1inh0h1cdgsf0psm65-claude-code-2.1.201.drv",
      "description": "Agentic coding tool that lives in your terminal, understands your codebase, and helps you code faster",
      "install_id": "claude-code",
      "license": "Unfree",
      "locked_url": "https://github.com/flox/nixpkgs?rev=d407951447dcd00442e97087bf374aad70c04cea",
      "name": "claude-code-2.1.201",
      "pname": "claude-code",
      "rev": "d407951447dcd00442e97087bf374aad70c04cea",
      "rev_count": 1027867,
      "rev_date": "2026-07-05T04:06:12Z",
      "scrape_date": "2026-07-06T03:41:21.780601Z",
      "stabilities": [
        "staging",
        "unstable"
      ],
      "unfree": true,
      "version": "2.1.201",
      "outputs_to_install": [
        "out"
      ],
      "outputs": {
        "out": "/nix/store/fm203s00j5ignfgr4f05p2fc7ppmhfy0-claude-code-2.1.201"
      },
      "system": "aarch64-linux",
      "group": "agents",
      "priority": 5
    },
    {
      "attr_path": "claude-code",
      "broken": false,
      "derivation": "/nix/store/94k99z7q71qjfhf0h1524c9i14b5a8jm-claude-code-2.1.201.drv",
      "description": "Agentic coding tool that lives in your terminal, understands your codebase, and helps you code faster",
      "install_id": "claude-code",
      "license": "Unfree",
      "locked_url": "https://github.com/flox/nixpkgs?rev=d407951447dcd00442e97087bf374aad70c04cea",
      "name": "claude-code-2.1.201",
      "pname": "claude-code",
      "rev": "d407951447dcd00442e97087bf374aad70c04cea",
      "rev_count": 1027867,
      "rev_date": "2026-07-05T04:06:12Z",
      "scrape_date": "2026-07-06T04:09:00.518525Z",
      "stabilities": [
        "staging",
        "unstable"
      ],
      "unfree": true,
      "version": "2.1.201",
      "outputs_to_install": [
        "out"
      ],
      "outputs": {
        "out": "/nix/store/23hm04zk9nn86835a2985p7a5pfd62bb-claude-code-2.1.201"
      },
      "system": "x86_64-darwin",
      "group": "agents",
      "priority": 5
    },
    {
      "attr_path": "claude-code",
      "broken": false,
      "derivation": "/nix/store/igc75646h0srsbngdsqayh4swpkhnn04-claude-code-2.1.201.drv",
      "description": "Agentic coding tool that lives in your terminal, understands your codebase, and helps you code faster",
      "install_id": "claude-code",
      "license": "Unfree",
      "locked_url": "https://github.com/flox/nixpkgs?rev=d407951447dcd00442e97087bf374aad70c04cea",
      "name": "claude-code-2.1.201",
      "pname": "claude-code",
      "rev": "d407951447dcd00442e97087bf374aad70c04cea",
      "rev_count": 1027867,
      "rev_date": "2026-07-05T04:06:12Z",
      "scrape_date": "2026-07-06T04:40:24.423963Z",
      "stabilities": [
        "staging",
        "unstable"
      ],
      "unfree": true,
      "version": "2.1.201",
      "outputs_to_install": [
        "out"
      ],
      "outputs": {
        "out": "/nix/store/rjdsjk82kc3qyyizifdfbrnzwkdji3ib-claude-code-2.1.201"
      },
      "system": "x86_64-linux",
      "group": "agents",
      "priority": 5
    },
    {
      "attr_path": "codex",
      "broken": false,
      "derivation": "/nix/store/4l51gj08lj6z3dxizkkvdikqgs78043d-codex-0.142.3.drv",
      "description": "Lightweight coding agent that runs in your terminal",
      "install_id": "codex",
      "license": "Apache-2.0",
      "locked_url": "https://github.com/flox/nixpkgs?rev=d407951447dcd00442e97087bf374aad70c04cea",
      "name": "codex-0.142.3",
      "pname": "codex",
      "rev": "d407951447dcd00442e97087bf374aad70c04cea",
      "rev_count": 1027867,
      "rev_date": "2026-07-05T04:06:12Z",
      "scrape_date": "2026-07-06T03:12:55.196603Z",
      "stabilities": [
        "staging",
        "unstable"
      ],
      "unfree": false,
      "version": "0.142.3",
      "outputs_to_install": [
        "out"
      ],
      "outputs": {
        "out": "/nix/store/2nah5i36pcrklqigizwraq8d7lnac7wh-codex-0.142.3"
      },
      "system": "aarch64-darwin",
      "group": "agents",
      "priority": 5
    },
    {
      "attr_path": "codex",
      "broken": false,
      "derivation": "/nix/store/1jnjfh0kn9i3zzq8917s4cg69i5fsv27-codex-0.142.3.drv",
      "description": "Lightweight coding agent that runs in your terminal",
      "install_id": "codex",
      "license": "Apache-2.0",
      "locked_url": "https://github.com/flox/nixpkgs?rev=d407951447dcd00442e97087bf374aad70c04cea",
      "name": "codex-0.142.3",
      "pname": "codex",
      "rev": "d407951447dcd00442e97087bf374aad70c04cea",
      "rev_count": 1027867,
      "rev_date": "2026-07-05T04:06:12Z",
      "scrape_date": "2026-07-06T03:41:21.839790Z",
      "stabilities": [
        "staging",
        "unstable"
      ],
      "unfree": false,
      "version": "0.142.3",
      "outputs_to_install": [
        "out"
      ],
      "outputs": {
        "out": "/nix/store/3wjh1x751r25ryixpiakzyf4qm7cpxnp-codex-0.142.3"
      },
      "system": "aarch64-linux",
      "group": "agents",
      "priority": 5
    },
    {
      "attr_path": "codex",
      "broken": false,
      "derivation": "/nix/store/iqlrw9mda9ivkk46gbc77l5f2q6yyvjb-codex-0.142.3.drv",
      "description": "Lightweight coding agent that runs in your terminal",
      "install_id": "codex",
      "license": "Apache-2.0",
      "locked_url": "https://github.com/flox/nixpkgs?rev=d407951447dcd00442e97087bf374aad70c04cea",
      "name": "codex-0.142.3",
      "pname": "codex",
      "rev": "d407951447dcd00442e97087bf374aad70c04cea",
      "rev_count": 1027867,
      "rev_date": "2026-07-05T04:06:12Z",
      "scrape_date": "2026-07-06T04:09:00.571006Z",
      "stabilities": [
        "staging",
        "unstable"
      ],
      "unfree": false,
      "version": "0.142.3",
      "outputs_to_install": [
        "out"
      ],
      "outputs": {
        "out": "/nix/store/kwmmw872gbxnkxwapv8sax18iiq21hmi-codex-0.142.3"
      },
      "system": "x86_64-darwin",
      "group": "agents",
      "priority": 5
    },
    {
      "attr_path": "codex",
      "broken": false,
      "derivation": "/nix/store/vx6vhqc7xmdk9hgs1v36ljb1vfcdlds3-codex-0.142.3.drv",
      "description": "Lightweight coding agent that runs in your terminal",
      "install_id": "codex",
      "license": "Apache-2.0",
      "locked_url": "https://github.com/flox/nixpkgs?rev=d407951447dcd00442e97087bf374aad70c04cea",
      "name": "codex-0.142.3",
      "pname": "codex",
      "rev": "d407951447dcd00442e97087bf374aad70c04cea",
      "rev_count": 1027867,
      "rev_date": "2026-07-05T04:06:12Z",
      "scrape_date": "2026-07-06T04:40:24.488503Z",
      "stabilities": [
        "staging",
        "unstable"
      ],
      "unfree": false,
      "version": "0.142.3",
      "outputs_to_install": [
        "out"
      ],
      "outputs": {
        "out": "/nix/store/6w721z4882dm6pdhmqx7njypbglckx9s-codex-0.142.3"
      },
      "system": "x86_64-linux",
      "group": "agents",
      "priority": 5
    },
    {
      "attr_path": "git",
      "broken": false,
      "derivation": "/nix/store/069n5wanw16hbl2bq66mphw0nwf8d45y-git-2.54.0.drv",
      "description": "Distributed version control system",
      "install_id": "git",
      "license": "GPL-2.0",
      "locked_url": "https://github.com/flox/nixpkgs?rev=d407951447dcd00442e97087bf374aad70c04cea",
      "name": "git-2.54.0",
      "pname": "git",
      "rev": "d407951447dcd00442e97087bf374aad70c04cea",
      "rev_count": 1027867,
      "rev_date": "2026-07-05T04:06:12Z",
      "scrape_date": "2026-07-06T03:12:56.100688Z",
      "stabilities": [
        "staging",
        "unstable"
      ],
      "unfree": false,
      "version": "2.54.0",
      "outputs_to_install": [
        "out"
      ],
      "outputs": {
        "doc": "/nix/store/53n75imxnfbr1nbkll4djg98r9vg1lyw-git-2.54.0-doc",
        "out": "/nix/store/7p841rdaha0pj23srg7lrwpnlaxyr7gr-git-2.54.0"
      },
      "system": "aarch64-darwin",
      "group": "toplevel",
      "priority": 5
    },
    {
      "attr_path": "git",
      "broken": false,
      "derivation": "/nix/store/ag214zi09yzxh7wby5nj6b31803ha9d4-git-2.54.0.drv",
      "description": "Distributed version control system",
      "install_id": "git",
      "license": "GPL-2.0",
      "locked_url": "https://github.com/flox/nixpkgs?rev=d407951447dcd00442e97087bf374aad70c04cea",
      "name": "git-2.54.0",
      "pname": "git",
      "rev": "d407951447dcd00442e97087bf374aad70c04cea",
      "rev_count": 1027867,
      "rev_date": "2026-07-05T04:06:12Z",
      "scrape_date": "2026-07-06T03:41:23.164881Z",
      "stabilities": [
        "staging",
        "unstable"
      ],
      "unfree": false,
      "version": "2.54.0",
      "outputs_to_install": [
        "out"
      ],
      "outputs": {
        "debug": "/nix/store/hi8y2a7kxz94pmnfh3k2gp2mzr57xmqd-git-2.54.0-debug",
        "doc": "/nix/store/ms4bxp0svz53yzxqwfzp5lwp22v11m7d-git-2.54.0-doc",
        "out": "/nix/store/j76bc0jffq323b6kvrckky5152h0pfdk-git-2.54.0"
      },
      "system": "aarch64-linux",
      "group": "toplevel",
      "priority": 5
    },
    {
      "attr_path": "git",
      "broken": false,
      "derivation": "/nix/store/dbxkqx6x4irzb4jd65110qkxwm40548v-git-2.54.0.drv",
      "description": "Distributed version control system",
      "install_id": "git",
      "license": "GPL-2.0",
      "locked_url": "https://github.com/flox/nixpkgs?rev=d407951447dcd00442e97087bf374aad70c04cea",
      "name": "git-2.54.0",
      "pname": "git",
      "rev": "d407951447dcd00442e97087bf374aad70c04cea",
      "rev_count": 1027867,
      "rev_date": "2026-07-05T04:06:12Z",
      "scrape_date": "2026-07-06T04:09:01.623127Z",
      "stabilities": [
        "staging",
        "unstable"
      ],
      "unfree": false,
      "version": "2.54.0",
      "outputs_to_install": [
        "out"
      ],
      "outputs": {
        "doc": "/nix/store/zakmjh312hmg2yslsyqmnw8lb8dgmyyk-git-2.54.0-doc",
        "out": "/nix/store/x671lak90qvcxgc5irp4xv5zdbaym2yr-git-2.54.0"
      },
      "system": "x86_64-darwin",
      "group": "toplevel",
      "priority": 5
    },
    {
      "attr_path": "git",
      "broken": false,
      "derivation": "/nix/store/214n5nb1k4qzynzgw7xpsp4fp19vni8i-git-2.54.0.drv",
      "description": "Distributed version control system",
      "install_id": "git",
      "license": "GPL-2.0",
      "locked_url": "https://github.com/flox/nixpkgs?rev=d407951447dcd00442e97087bf374aad70c04cea",
      "name": "git-2.54.0",
      "pname": "git",
      "rev": "d407951447dcd00442e97087bf374aad70c04cea",
      "rev_count": 1027867,
      "rev_date": "2026-07-05T04:06:12Z",
      "scrape_date": "2026-07-06T04:40:25.941971Z",
      "stabilities": [
        "staging",
        "unstable"
      ],
      "unfree": false,
      "version": "2.54.0",
      "outputs_to_install": [
        "out"
      ],
      "outputs": {
        "debug": "/nix/store/7bjwn43x9gcaf249d8l651083ri033dy-git-2.54.0-debug",
        "doc": "/nix/store/9a0f1mfx8n1b8y64qx9999pq70j48ms6-git-2.54.0-doc",
        "out": "/nix/store/k3wl6cg7q50zkx47af3msmg1yrg1f203-git-2.54.0"
      },
      "system": "x86_64-linux",
      "group": "toplevel",
      "priority": 5
    },
    {
      "attr_path": "gnumake",
      "broken": false,
      "derivation": "/nix/store/fq3j34ffr44fa5a5nkwci5pdncl5h7hg-gnumake-4.4.1.drv",
      "description": "Tool to control the generation of non-source files from sources",
      "install_id": "gnumake",
      "license": "GPL-3.0-or-later",
      "locked_url": "https://github.com/flox/nixpkgs?rev=d407951447dcd00442e97087bf374aad70c04cea",
      "name": "gnumake-4.4.1",
      "pname": "gnumake",
      "rev": "d407951447dcd00442e97087bf374aad70c04cea",
      "rev_count": 1027867,
      "rev_date": "2026-07-05T04:06:12Z",
      "scrape_date": "2026-07-06T03:12:56.218409Z",
      "stabilities": [
        "staging",
        "unstable"
      ],
      "unfree": false,
      "version": "4.4.1",
      "outputs_to_install": [
        "man",
        "out"
      ],
      "outputs": {
        "doc": "/nix/store/v2jpgmm2fsg7b0z27cc514jdqbhm0isy-gnumake-4.4.1-doc",
        "info": "/nix/store/dli72plfj1gcp88wv6px7qjjqvnnlql5-gnumake-4.4.1-info",
        "man": "/nix/store/mzy3b5lxi8jbq5d63yvq52sjsq73907l-gnumake-4.4.1-man",
        "out": "/nix/store/ij3d5cfr8h31a41l80jzid0z6kj2ajsv-gnumake-4.4.1"
      },
      "system": "aarch64-darwin",
      "group": "toplevel",
      "priority": 5
    },
    {
      "attr_path": "gnumake",
      "broken": false,
      "derivation": "/nix/store/8g055kd88xxnsxxanrn2l1ycmd1zaqp4-gnumake-4.4.1.drv",
      "description": "Tool to control the generation of non-source files from sources",
      "install_id": "gnumake",
      "license": "GPL-3.0-or-later",
      "locked_url": "https://github.com/flox/nixpkgs?rev=d407951447dcd00442e97087bf374aad70c04cea",
      "name": "gnumake-4.4.1",
      "pname": "gnumake",
      "rev": "d407951447dcd00442e97087bf374aad70c04cea",
      "rev_count": 1027867,
      "rev_date": "2026-07-05T04:06:12Z",
      "scrape_date": "2026-07-06T03:41:23.879706Z",
      "stabilities": [
        "staging",
        "unstable"
      ],
      "unfree": false,
      "version": "4.4.1",
      "outputs_to_install": [
        "man",
        "out"
      ],
      "outputs": {
        "debug": "/nix/store/rcg8zj3391869cn266zwxynplwhyf6qw-gnumake-4.4.1-debug",
        "doc": "/nix/store/qvl65zgm24p9sw0mzw3cxijcs8palykk-gnumake-4.4.1-doc",
        "info": "/nix/store/2xp5f2ypvrlg6wn5s44jg3ji82l78k9q-gnumake-4.4.1-info",
        "man": "/nix/store/3c96gbpypik8gzasv9brnka3i6mks9rz-gnumake-4.4.1-man",
        "out": "/nix/store/v1888rzl1qf8zzd27q1vxvqqssizjx3x-gnumake-4.4.1"
      },
      "system": "aarch64-linux",
      "group": "toplevel",
      "priority": 5
    },
    {
      "attr_path": "gnumake",
      "broken": false,
      "derivation": "/nix/store/k8zf9n1v4hwky8xq8k83rxh7lrxwy630-gnumake-4.4.1.drv",
      "description": "Tool to control the generation of non-source files from sources",
      "install_id": "gnumake",
      "license": "GPL-3.0-or-later",
      "locked_url": "https://github.com/flox/nixpkgs?rev=d407951447dcd00442e97087bf374aad70c04cea",
      "name": "gnumake-4.4.1",
      "pname": "gnumake",
      "rev": "d407951447dcd00442e97087bf374aad70c04cea",
      "rev_count": 1027867,
      "rev_date": "2026-07-05T04:06:12Z",
      "scrape_date": "2026-07-06T04:09:01.829543Z",
      "stabilities": [
        "staging",
        "unstable"
      ],
      "unfree": false,
      "version": "4.4.1",
      "outputs_to_install": [
        "man",
        "out"
      ],
      "outputs": {
        "doc": "/nix/store/3b9cjf16jx4ncpp3b4k6m8q01nxsrw1n-gnumake-4.4.1-doc",
        "info": "/nix/store/rriz5p4q8a6sca7sw3p3js1m5dl09ia8-gnumake-4.4.1-info",
        "man": "/nix/store/wb4yn3d7vmi1hr4f8pz38rjvcl7f70ma-gnumake-4.4.1-man",
        "out": "/nix/store/0bg5b97b9hbhz8907bfcrch1i116xppa-gnumake-4.4.1"
      },
      "system": "x86_64-darwin",
      "group": "toplevel",
      "priority": 5
    },
    {
      "attr_path": "gnumake",
      "broken": false,
      "derivation": "/nix/store/ppc7b3wjgk81bxnls18vjflgw70wxss4-gnumake-4.4.1.drv",
      "description": "Tool to control the generation of non-source files from sources",
      "install_id": "gnumake",
      "license": "GPL-3.0-or-later",
      "locked_url": "https://github.com/flox/nixpkgs?rev=d407951447dcd00442e97087bf374aad70c04cea",
      "name": "gnumake-4.4.1",
      "pname": "gnumake",
      "rev": "d407951447dcd00442e97087bf374aad70c04cea",
      "rev_count": 1027867,
      "rev_date": "2026-07-05T04:06:12Z",
      "scrape_date": "2026-07-06T04:40:26.701509Z",
      "stabilities": [
        "staging",
        "unstable"
      ],
      "unfree": false,
      "version": "4.4.1",
      "outputs_to_install": [
        "man",
        "out"
      ],
      "outputs": {
        "debug": "/nix/store/054b9sxxzph2fbwmj45njf1rspjifaz6-gnumake-4.4.1-debug",
        "doc": "/nix/store/c2skg22md4ablx0qfcrsh7vpad31zgyx-gnumake-4.4.1-doc",
        "info": "/nix/store/6mifiq9cp2bsg9ghkhifrvlmip7z3147-gnumake-4.4.1-info",
        "man": "/nix/store/arjpl2nnq7khwfhy16qphyxxg924apy1-gnumake-4.4.1-man",
        "out": "/nix/store/k9ybsvscqk4lhz5ndc1ap9800im1cry1-gnumake-4.4.1"
      },
      "system": "x86_64-linux",
      "group": "toplevel",
      "priority": 5
    },
    {
      "attr_path": "just",
      "broken": false,
      "derivation": "/nix/store/gpfajbzmcdpnvwya8hpy30dhndlvn26z-just-1.55.1.drv",
      "description": "Handy way to save and run project-specific commands",
      "install_id": "just",
      "license": "CC0-1.0",
      "locked_url": "https://github.com/flox/nixpkgs?rev=d407951447dcd00442e97087bf374aad70c04cea",
      "name": "just-1.55.1",
      "pname": "just",
      "rev": "d407951447dcd00442e97087bf374aad70c04cea",
      "rev_count": 1027867,
      "rev_date": "2026-07-05T04:06:12Z",
      "scrape_date": "2026-07-06T03:13:12.610781Z",
      "stabilities": [
        "staging",
        "unstable"
      ],
      "unfree": false,
      "version": "1.55.1",
      "outputs_to_install": [
        "man",
        "out"
      ],
      "outputs": {
        "doc": "/nix/store/00x8x32glg9dl80iaqf0l71x3n61pz3w-just-1.55.1-doc",
        "man": "/nix/store/sgz4z3dmacmyjis88lnzmxymnx1biyzx-just-1.55.1-man",
        "out": "/nix/store/1dhw1q8xgl7xv4s8fc4qn9j2j4p7hk80-just-1.55.1"
      },
      "system": "aarch64-darwin",
      "group": "toplevel",
      "priority": 5
    },
    {
      "attr_path": "just",
      "broken": false,
      "derivation": "/nix/store/bg38n4a4aqpfm7a6qy6kipij6s5v67q4-just-1.55.1.drv",
      "description": "Handy way to save and run project-specific commands",
      "install_id": "just",
      "license": "CC0-1.0",
      "locked_url": "https://github.com/flox/nixpkgs?rev=d407951447dcd00442e97087bf374aad70c04cea",
      "name": "just-1.55.1",
      "pname": "just",
      "rev": "d407951447dcd00442e97087bf374aad70c04cea",
      "rev_count": 1027867,
      "rev_date": "2026-07-05T04:06:12Z",
      "scrape_date": "2026-07-06T03:41:44.394333Z",
      "stabilities": [
        "staging",
        "unstable"
      ],
      "unfree": false,
      "version": "1.55.1",
      "outputs_to_install": [
        "man",
        "out"
      ],
      "outputs": {
        "doc": "/nix/store/bpx387pblrn45yjnscymlwhpfqsfr08s-just-1.55.1-doc",
        "man": "/nix/store/8ah43vk8bvjw2i9rfx7kq8wrfjxg73dl-just-1.55.1-man",
        "out": "/nix/store/k4wf32cjghnqdb0ia7n0mr3fjjcs6240-just-1.55.1"
      },
      "system": "aarch64-linux",
      "group": "toplevel",
      "priority": 5
    },
    {
      "attr_path": "just",
      "broken": false,
      "derivation": "/nix/store/kpm5synzhc0arj6wbp5ciadq3wgb0xl7-just-1.55.1.drv",
      "description": "Handy way to save and run project-specific commands",
      "install_id": "just",
      "license": "CC0-1.0",
      "locked_url": "https://github.com/flox/nixpkgs?rev=d407951447dcd00442e97087bf374aad70c04cea",
      "name": "just-1.55.1",
      "pname": "just",
      "rev": "d407951447dcd00442e97087bf374aad70c04cea",
      "rev_count": 1027867,
      "rev_date": "2026-07-05T04:06:12Z",
      "scrape_date": "2026-07-06T04:09:22.248655Z",
      "stabilities": [
        "staging",
        "unstable"
      ],
      "unfree": false,
      "version": "1.55.1",
      "outputs_to_install": [
        "man",
        "out"
      ],
      "outputs": {
        "doc": "/nix/store/4hr1i7iizrvxl5qc9xhq12gscgs0b1nl-just-1.55.1-doc",
        "man": "/nix/store/4fz7kgnf4llinmji6nqbd3h20w1v0661-just-1.55.1-man",
        "out": "/nix/store/66nwz7gqzp6wkw8r9x23z45lf7ysc74b-just-1.55.1"
      },
      "system": "x86_64-darwin",
      "group": "toplevel",
      "priority": 5
    },
    {
      "attr_path": "just",
      "broken": false,
      "derivation": "/nix/store/5f1667rpw512ssdlxc9z34lm39gr2qrn-just-1.55.1.drv",
      "description": "Handy way to save and run project-specific commands",
      "install_id": "just",
      "license": "CC0-1.0",
      "locked_url": "https://github.com/flox/nixpkgs?rev=d407951447dcd00442e97087bf374aad70c04cea",
      "name": "just-1.55.1",
      "pname": "just",
      "rev": "d407951447dcd00442e97087bf374aad70c04cea",
      "rev_count": 1027867,
      "rev_date": "2026-07-05T04:06:12Z",
      "scrape_date": "2026-07-06T04:40:47.888909Z",
      "stabilities": [
        "staging",
        "unstable"
      ],
      "unfree": false,
      "version": "1.55.1",
      "outputs_to_install": [
        "man",
        "out"
      ],
      "outputs": {
        "doc": "/nix/store/kl275lkx9b6qf5d8jjxi1nfwzxigr5qm-just-1.55.1-doc",
        "man": "/nix/store/hzwjzvr50g5rzla3xa8nmd9sak7sqw5i-just-1.55.1-man",
        "out": "/nix/store/4q0ksvaggh0zb50jmff9vr929b0z3r6f-just-1.55.1"
      },
      "system": "x86_64-linux",
      "group": "toplevel",
      "priority": 5
    },
    {
      "attr_path": "python3",
      "broken": false,
      "derivation": "/nix/store/ffz1bwjdzglryqx0pn3jngal4bz66xfh-python3-3.13.13.drv",
      "description": "High-level dynamically-typed programming language",
      "install_id": "python3",
      "license": "Python-2.0",
      "locked_url": "https://github.com/flox/nixpkgs?rev=d407951447dcd00442e97087bf374aad70c04cea",
      "name": "python3-3.13.13",
      "pname": "python3",
      "rev": "d407951447dcd00442e97087bf374aad70c04cea",
      "rev_count": 1027867,
      "rev_date": "2026-07-05T04:06:12Z",
      "scrape_date": "2026-07-06T03:13:37.148341Z",
      "stabilities": [
        "staging",
        "unstable"
      ],
      "unfree": false,
      "version": "3.13.13",
      "outputs_to_install": [
        "out"
      ],
      "outputs": {
        "out": "/nix/store/mfkdmplffnbc0av8r6pknl796a6b1r2n-python3-3.13.13"
      },
      "system": "aarch64-darwin",
      "group": "toplevel",
      "priority": 5
    },
    {
      "attr_path": "python3",
      "broken": false,
      "derivation": "/nix/store/v13czlpngkramf29nnn8qa0l4svfflwm-python3-3.13.13.drv",
      "description": "High-level dynamically-typed programming language",
      "install_id": "python3",
      "license": "Python-2.0",
      "locked_url": "https://github.com/flox/nixpkgs?rev=d407951447dcd00442e97087bf374aad70c04cea",
      "name": "python3-3.13.13",
      "pname": "python3",
      "rev": "d407951447dcd00442e97087bf374aad70c04cea",
      "rev_count": 1027867,
      "rev_date": "2026-07-05T04:06:12Z",
      "scrape_date": "2026-07-06T03:42:22.923986Z",
      "stabilities": [
        "staging",
        "unstable"
      ],
      "unfree": false,
      "version": "3.13.13",
      "outputs_to_install": [
        "out",
        "out"
      ],
      "outputs": {
        "debug": "/nix/store/qfb6yj603w8qxd86j0cj7w54l1pv3rkz-python3-3.13.13-debug",
        "out": "/nix/store/smwd56pl54f0pcjdspgh5vnf20c8xwsc-python3-3.13.13"
      },
      "system": "aarch64-linux",
      "group": "toplevel",
      "priority": 5
    },
    {
      "attr_path": "python3",
      "broken": false,
      "derivation": "/nix/store/5vh9qfs54q47jybcd5zhxmap7lgk2dhg-python3-3.13.13.drv",
      "description": "High-level dynamically-typed programming language",
      "install_id": "python3",
      "license": "Python-2.0",
      "locked_url": "https://github.com/flox/nixpkgs?rev=d407951447dcd00442e97087bf374aad70c04cea",
      "name": "python3-3.13.13",
      "pname": "python3",
      "rev": "d407951447dcd00442e97087bf374aad70c04cea",
      "rev_count": 1027867,
      "rev_date": "2026-07-05T04:06:12Z",
      "scrape_date": "2026-07-06T04:09:53.021160Z",
      "stabilities": [
        "staging",
        "unstable"
      ],
      "unfree": false,
      "version": "3.13.13",
      "outputs_to_install": [
        "out"
      ],
      "outputs": {
        "out": "/nix/store/1137mc2md1ip5pdslybxl05kysjyh4rg-python3-3.13.13"
      },
      "system": "x86_64-darwin",
      "group": "toplevel",
      "priority": 5
    },
    {
      "attr_path": "python3",
      "broken": false,
      "derivation": "/nix/store/d8rrzn9gg475brqyfpdaa3w76gzwmvx4-python3-3.13.13.drv",
      "description": "High-level dynamically-typed programming language",
      "install_id": "python3",
      "license": "Python-2.0",
      "locked_url": "https://github.com/flox/nixpkgs?rev=d407951447dcd00442e97087bf374aad70c04cea",
      "name": "python3-3.13.13",
      "pname": "python3",
      "rev": "d407951447dcd00442e97087bf374aad70c04cea",
      "rev_count": 1027867,
      "rev_date": "2026-07-05T04:06:12Z",
      "scrape_date": "2026-07-06T04:41:29.489145Z",
      "stabilities": [
        "staging",
        "unstable"
      ],
      "unfree": false,
      "version": "3.13.13",
      "outputs_to_install": [
        "out",
        "out"
      ],
      "outputs": {
        "debug": "/nix/store/g2pg1an3v5pm2fmwg1g7dw77ddpqirg7-python3-3.13.13-debug",
        "out": "/nix/store/l9k0anq0z7zz81zcwy035jfwap9ga6rl-python3-3.13.13"
      },
      "system": "x86_64-linux",
      "group": "toplevel",
      "priority": 5
    },
    {
      "attr_path": "uv",
      "broken": false,
      "derivation": "/nix/store/czrpfss0v86ch66vdk3j22qndchnzw9b-uv-0.11.25.drv",
      "description": "Extremely fast Python package installer and resolver, written in Rust",
      "install_id": "uv",
      "license": "[ Apache-2.0, MIT ]",
      "locked_url": "https://github.com/flox/nixpkgs?rev=d407951447dcd00442e97087bf374aad70c04cea",
      "name": "uv-0.11.25",
      "pname": "uv",
      "rev": "d407951447dcd00442e97087bf374aad70c04cea",
      "rev_count": 1027867,
      "rev_date": "2026-07-05T04:06:12Z",
      "scrape_date": "2026-07-06T03:15:39.158658Z",
      "stabilities": [
        "staging",
        "unstable"
      ],
      "unfree": false,
      "version": "0.11.25",
      "outputs_to_install": [
        "out"
      ],
      "outputs": {
        "out": "/nix/store/f0kyi2i8xrfx7i405n5qy97kr0y5b2wv-uv-0.11.25"
      },
      "system": "aarch64-darwin",
      "group": "toplevel",
      "priority": 5
    },
    {
      "attr_path": "uv",
      "broken": false,
      "derivation": "/nix/store/c4na34nqxj1n2ivgjiprkm9p1lrahfgy-uv-0.11.25.drv",
      "description": "Extremely fast Python package installer and resolver, written in Rust",
      "install_id": "uv",
      "license": "[ Apache-2.0, MIT ]",
      "locked_url": "https://github.com/flox/nixpkgs?rev=d407951447dcd00442e97087bf374aad70c04cea",
      "name": "uv-0.11.25",
      "pname": "uv",
      "rev": "d407951447dcd00442e97087bf374aad70c04cea",
      "rev_count": 1027867,
      "rev_date": "2026-07-05T04:06:12Z",
      "scrape_date": "2026-07-06T03:44:48.957401Z",
      "stabilities": [
        "staging",
        "unstable"
      ],
      "unfree": false,
      "version": "0.11.25",
      "outputs_to_install": [
        "out"
      ],
      "outputs": {
        "out": "/nix/store/8qd81vygrwkvp8ndg3ihj9wq3pl97hfd-uv-0.11.25"
      },
      "system": "aarch64-linux",
      "group": "toplevel",
      "priority": 5
    },
    {
      "attr_path": "uv",
      "broken": false,
      "derivation": "/nix/store/dlybxmsa3zfx8wbs9ccn0kafsq59qq6i-uv-0.11.25.drv",
      "description": "Extremely fast Python package installer and resolver, written in Rust",
      "install_id": "uv",
      "license": "[ Apache-2.0, MIT ]",
      "locked_url": "https://github.com/flox/nixpkgs?rev=d407951447dcd00442e97087bf374aad70c04cea",
      "name": "uv-0.11.25",
      "pname": "uv",
      "rev": "d407951447dcd00442e97087bf374aad70c04cea",
      "rev_count": 1027867,
      "rev_date": "2026-07-05T04:06:12Z",
      "scrape_date": "2026-07-06T04:12:23.334560Z",
      "stabilities": [
        "staging",
        "unstable"
      ],
      "unfree": false,
      "version": "0.11.25",
      "outputs_to_install": [
        "out"
      ],
      "outputs": {
        "out": "/nix/store/z4dcs3l0khfc2hky62bhy6v45lmysdvz-uv-0.11.25"
      },
      "system": "x86_64-darwin",
      "group": "toplevel",
      "priority": 5
    },
    {
      "attr_path": "uv",
      "broken": false,
      "derivation": "/nix/store/7qw31y4h8f29wc0f81jhm7wirnpdh8qf-uv-0.11.25.drv",
      "description": "Extremely fast Python package installer and resolver, written in Rust",
      "install_id": "uv",
      "license": "[ Apache-2.0, MIT ]",
      "locked_url": "https://github.com/flox/nixpkgs?rev=d407951447dcd00442e97087bf374aad70c04cea",
      "name": "uv-0.11.25",
      "pname": "uv",
      "rev": "d407951447dcd00442e97087bf374aad70c04cea",
      "rev_count": 1027867,
      "rev_date": "2026-07-05T04:06:12Z",
      "scrape_date": "2026-07-06T04:44:10.521793Z",
      "stabilities": [
        "staging",
        "unstable"
      ],
      "unfree": false,
      "version": "0.11.25",
      "outputs_to_install": [
        "out"
      ],
      "outputs": {
        "out": "/nix/store/cgvijxnmydknslkl368k4j4j43akvl8b-uv-0.11.25"
      },
      "system": "x86_64-linux",
      "group": "toplevel",
      "priority": 5
    }
  ]
}
